{
  "name": "logwatcher",
  "version": "1.0.0",
  "lockfileVersion": 2,
  "requires": true,
  "packages": {
    "": {
      "name": "logwatcher",
      "version": "1.0.0",
      "license": "ISC",
      "dependencies": {
        "@seydx/journalctl": "^1.0.0"
      }
    },
    "node_modules/@seydx/journalctl": {
      "version": "1.0.0",
      "resolved": "https://registry.npmjs.org/@seydx/journalctl/-/journalctl-1.0.0.tgz",
      "integrity": "sha512-3pDDo15ziP4V8SW3KMRfjglSEB10IjjW6rXfyx5JV+OGcZjk/g3uPlL/cbfh3/Aqdn+FwJDSwkc4KDwhRDOzHA=="
    }
  },
  "dependencies": {
    "@seydx/journalctl": {
      "version": "1.0.0",
      "resolved": "https://registry.npmjs.org/@seydx/journalctl/-/journalctl-1.0.0.tgz",
      "integrity": "sha512-3pDDo15ziP4V8SW3KMRfjglSEB10IjjW6rXfyx5JV+OGcZjk/g3uPlL/cbfh3/Aqdn+FwJDSwkc4KDwhRDOzHA=="
    }
  }
}
